{
  "lockfileVersion": 1,
  "configVersion": 1,
  "workspaces": {
    "": {
      "name": "cueloop-monorepo",
      "devDependencies": {
        "@cueloop/daemon": "workspace:*",
        "@cueloop/schema": "workspace:*",
        "@opentui/core": "^0.4.3",
        "@opentui/react": "^0.4.3",
        "@types/bun": "^1.3.14",
        "@types/react": "^19.2.0",
        "react": "^19.2.0",
        "typescript": "^5.9.3",
      },
    },
    "packages/adapters": {
      "name": "@cueloop/adapters",
      "version": "0.0.1",
      "dependencies": {
        "@cueloop/daemon": "workspace:*",
        "@cueloop/schema": "workspace:*",
      },
    },
    "packages/cli": {
      "name": "cueloop",
      "version": "0.0.1",
      "bin": {
        "cueloop": "./src/main.ts",
      },
      "dependencies": {
        "@cueloop/client": "workspace:*",
        "@cueloop/daemon": "workspace:*",
        "@cueloop/schema": "workspace:*",
      },
    },
    "packages/client": {
      "name": "@cueloop/client",
      "version": "0.0.1",
      "dependencies": {
        "@cueloop/daemon": "workspace:*",
        "@cueloop/schema": "workspace:*",
        "@opentui/core": "^0.4.3",
        "@opentui/react": "^0.4.3",
        "@pierre/diffs": "^1.3.5",
        "react": "^19.2.0",
      },
      "devDependencies": {
        "@types/react": "^19.2.0",
      },
    },
    "packages/daemon": {
      "name": "@cueloop/daemon",
      "version": "0.0.1",
      "dependencies": {
        "@cueloop/schema": "workspace:*",
      },
    },
    "packages/schema": {
      "name": "@cueloop/schema",
      "version": "0.0.1",
    },
  },
  "packages": {
    "@cueloop/adapters": ["@cueloop/adapters@workspace:packages/adapters"],

    "@cueloop/client": ["@cueloop/client@workspace:packages/client"],

    "@cueloop/daemon": ["@cueloop/daemon@workspace:packages/daemon"],

    "@cueloop/schema": ["@cueloop/schema@workspace:packages/schema"],

    "@opentui/core": ["@opentui/core@0.4.5", "", { "dependencies": { "bun-ffi-structs": "0.2.4", "diff": "9.0.0", "marked": "17.0.1", "string-width": "7.2.0", "strip-ansi": "7.1.2" }, "optionalDependencies": { "@opentui/core-darwin-arm64": "0.4.5", "@opentui/core-darwin-x64": "0.4.5", "@opentui/core-linux-arm64": "0.4.5", "@opentui/core-linux-arm64-musl": "0.4.5", "@opentui/core-linux-x64": "0.4.5", "@opentui/core-linux-x64-musl": "0.4.5", "@opentui/core-win32-arm64": "0.4.5", "@opentui/core-win32-x64": "0.4.5" }, "peerDependencies": { "web-tree-sitter": "0.25.10" } }, "sha512-JsgRTPkA6e+Vxmumxai6SElOSlRQkbzNKHlCfemlArRiLhfC1IZ9RXJo2QH4xSu+uBOWAM90uss73/pPlkdEig=="],

    "@opentui/core-darwin-arm64": ["@opentui/core-darwin-arm64@0.4.5", "", { "os": "darwin", "cpu": "arm64" }, "sha512-8KUG0oRidnR+oW1RSZJ72/PhZLl+qRRMk5U/mieF4c0SJ5V3tYACpBZAKzQfHNd1f7QzD8FHZct1lPpQgtmkWg=="],

    "@opentui/core-darwin-x64": ["@opentui/core-darwin-x64@0.4.5", "", { "os": "darwin", "cpu": "x64" }, "sha512-R2bocsg55gwjOqCp/MWFgFYzRmsduKegB6nzgFAPCvAD/L5Jf30xpWJWFlSg3x8vxe1L9WJ84dfqa4M7mZZ3wA=="],

    "@opentui/core-linux-arm64": ["@opentui/core-linux-arm64@0.4.5", "", { "os": "linux", "cpu": "arm64" }, "sha512-R4MZ25a4CzOAGVjW9aj1hUfzQGVfCJwrwBDbNs2SXaIvzcZqkxCVtU4FoQ5LsaD0j/BdNQVg2CIfFkFsm1fDuQ=="],

    "@opentui/core-linux-arm64-musl": ["@opentui/core-linux-arm64-musl@0.4.5", "", { "os": "linux", "cpu": "arm64" }, "sha512-ieqdyKI6EIYPalYAETB2wsdP83hr5Ifi+dFnBFUmdEEFHsoKwBmn2S7bsTOYlX7Bg03F4/YPIg+IvRpeC+cUJw=="],

    "@opentui/core-linux-x64": ["@opentui/core-linux-x64@0.4.5", "", { "os": "linux", "cpu": "x64" }, "sha512-SNyuQoxMKI1vuJhgxSSW96adWM6LqFl2SoS3GM4tGeneGOanVVG2Y06PvlytXvF4cKik97t0rqkVMRetmOs93w=="],

    "@opentui/core-linux-x64-musl": ["@opentui/core-linux-x64-musl@0.4.5", "", { "os": "linux", "cpu": "x64" }, "sha512-mKVKcIcPiSVVZZsdPSBoWwoa2/TCeQAaMDeHF7PFw2kt5bTXZPP7xxWfRQLCNIcA1eaGl59UuwUWHDR2Ve548Q=="],

    "@opentui/core-win32-arm64": ["@opentui/core-win32-arm64@0.4.5", "", { "os": "win32", "cpu": "arm64" }, "sha512-GHTTsqeR45q2Iek9Rb7ty+x/hAKn2jZ1ujlCgPR8LBKyF7h0E1dNFryoZ7ehMc3kJndP1sKn836IemKFqxuDdQ=="],

    "@opentui/core-win32-x64": ["@opentui/core-win32-x64@0.4.5", "", { "os": "win32", "cpu": "x64" }, "sha512-Y8T/yXCDGagRGiQrtmuB6AhRcPucKFs/Dre3v8kJwNYqDccI4FzUPKclZ7djfmRZNjl7JUqPhZZP/PwDpQocMg=="],

    "@opentui/react": ["@opentui/react@0.4.5", "", { "dependencies": { "@opentui/core": "0.4.5", "react-reconciler": "^0.33.0" }, "peerDependencies": { "react": ">=19.2.0", "react-devtools-core": "^7.0.1", "ws": "^8.18.0" } }, "sha512-n88Vx0cMmAu++/S14WscjvdcT46IDcxve02jMtcfHQ9j6cySRHfILfGEpOB7xxc8RpCwQceEyOjkKkfzPzm6Jg=="],

    "@pierre/diffs": ["@pierre/diffs@1.3.5", "", { "dependencies": { "@pierre/theme": "2.0.0", "@pierre/theming": "1.0.1", "@shikijs/transformers": "^3.0.0 || ^4.0.0", "diff": "9.0.0", "hast-util-to-html": "9.0.5", "lru_map": "0.4.1", "shiki": "^3.0.0 || ^4.0.0" }, "peerDependencies": { "react": "^18.3.1 || ^19.0.0", "react-dom": "^18.3.1 || ^19.0.0" } }, "sha512-BhaLEiUvR+BdIyOYdogA4JLQjluWPubuwySmmIqEkcE0FwIWRbgJgHNC/r884dlxEr89fO4hTk/sBln0a7NSOw=="],

    "@pierre/theme": ["@pierre/theme@2.0.0", "", {}, "sha512-yNDd9GYLQl1mEUJR8AneJ5e4ohLIHQd/wZLWr4fagt78vS2RwwZNW530vVgHqXFAyFVcFlRmGUD5ramXH46OXw=="],

    "@pierre/theming": ["@pierre/theming@1.0.1", "", { "peerDependencies": { "@pierre/theme": "^1.1.0 || ^2.0.0", "@shikijs/themes": "^3.0.0 || ^4.0.0", "react": "^18.3.1 || ^19.0.0", "react-dom": "^18.3.1 || ^19.0.0", "shiki": "^3.0.0 || ^4.0.0" }, "optionalPeers": ["@pierre/theme", "@shikijs/themes", "react", "react-dom", "shiki"] }, "sha512-WCI5Qd7iprDpISL9fBYOLe8RV53+b7mFNA3bPzl60/2CKCSrsKN8zEcep6Y3BAzvARlmca50zGjDodqPGiTUKA=="],

    "@shikijs/core": ["@shikijs/core@4.4.2", "", { "dependencies": { "@shikijs/primitive": "4.4.2", "@shikijs/types": "4.4.2", "@shikijs/vscode-textmate": "^10.0.2", "@types/hast": "^3.0.5", "hast-util-to-html": "^9.0.5" } }, "sha512-StyzbAyxg2/tBGf78gwbBkGyeQ73lf8UiJArFaQhTQIDqQOCKPCQFanvrs4/Yv3Yfyc+ONInJM6K+FMIf+P+kA=="],

    "@shikijs/engine-javascript": ["@shikijs/engine-javascript@4.4.2", "", { "dependencies": { "@shikijs/types": "4.4.2", "@shikijs/vscode-textmate": "^10.0.2", "oniguruma-to-es": "^4.3.6" } }, "sha512-MnIkeqWdVPUWsxlx8gKLVCJFTsqrQJgpTPBPpQwaFeJ56lOnJxj5aN2LUFnfxUEcvOQuNocmbaMnVrCEln6rkw=="],

    "@shikijs/engine-oniguruma": ["@shikijs/engine-oniguruma@4.4.2", "", { "dependencies": { "@shikijs/types": "4.4.2", "@shikijs/vscode-textmate": "^10.0.2" } }, "sha512-GLhowz1+jixjz+wiZ3wMnOn1jTxiFCGl2PkXufivbnwPHKuyw1AYqu5/hbWhZZ2oAb0NP05WUJhYeigY14drnw=="],

    "@shikijs/langs": ["@shikijs/langs@4.4.2", "", { "dependencies": { "@shikijs/types": "4.4.2" } }, "sha512-8DfeusD+Zdv/eYIDdXyJTUnSMHt+aAWjAOCXV20HNGAHRlInXpG8wh421v6B91WOm9TFwRLN+b/LG5F2NAIojg=="],

    "@shikijs/primitive": ["@shikijs/primitive@4.4.2", "", { "dependencies": { "@shikijs/types": "4.4.2", "@shikijs/vscode-textmate": "^10.0.2", "@types/hast": "^3.0.5" } }, "sha512-l6fQQKsOMlz72n38fztmSgZ76MO6KSWuw8o+GJ+FhmqrpC9pIOJNQNXGgbb5yX2AwpzlEHwsaLPnk/8o4Fm+rA=="],

    "@shikijs/themes": ["@shikijs/themes@4.4.2", "", { "dependencies": { "@shikijs/types": "4.4.2" } }, "sha512-H0CFoL07ddDC2Dd6EdrPYNkRhUR6YCkJlnuYFceYYUJJA5TIm2b5B33qqiDYryBExgbKMndFJPb2u1gTuqO37g=="],

    "@shikijs/transformers": ["@shikijs/transformers@4.4.2", "", { "dependencies": { "@shikijs/core": "4.4.2", "@shikijs/types": "4.4.2" } }, "sha512-d81PJ9KkR1tVP95FH/9296HTtDo0mh76wv10u9T1YmsZq/UcXgt0OLdBszfUQ1i+umkRMCjDnFbFZU7/tCODTQ=="],

    "@shikijs/types": ["@shikijs/types@4.4.2", "", { "dependencies": { "@shikijs/vscode-textmate": "^10.0.2", "@types/hast": "^3.0.5" } }, "sha512-PFYitV4vpDr/iPCIhnHp+Q4ftic5N5VeNJ3KQ1O8gn3h2ar8qgwMAXF7tq4m1CWaMS60fV4VqF6vfnWH4F7vqQ=="],

    "@shikijs/vscode-textmate": ["@shikijs/vscode-textmate@10.0.2", "", {}, "sha512-83yeghZ2xxin3Nj8z1NMd/NCuca+gsYXswywDy5bHvwlWL8tpTQmzGeUuHd9FC3E/SBEMvzJRwWEOz5gGes9Qg=="],

    "@types/bun": ["@types/bun@1.3.14", "", { "dependencies": { "bun-types": "1.3.14" } }, "sha512-h1hFqFVcvAvD9j9K7ZW7vd82aSA+rTdznZa+5bwvCwqSB1jmmfLcbIWhOLx1/+boy/xmjgCs/OMUL8hRJSmnPw=="],

    "@types/hast": ["@types/hast@3.0.5", "", { "dependencies": { "@types/unist": "*" } }, "sha512-rp/ezSWaD1m44dPKICGhiskI13nVr7qTloFwDa/IYkhhf5nzwP+zIQcIJh3WIFSBOy/H1PzB40jPjMDksN4F+g=="],

    "@types/mdast": ["@types/mdast@4.0.4", "", { "dependencies": { "@types/unist": "*" } }, "sha512-kGaNbPh1k7AFzgpud/gMdvIm5xuECykRR+JnWKQno9TAXVa6WIVCGTPvYGekIDL4uwCZQSYbUxNBSb1aUo79oA=="],

    "@types/node": ["@types/node@26.1.2", "", { "dependencies": { "undici-types": "~8.3.0" } }, "sha512-Vu4a5UFA9rIIFJ7rB/Vaafh9lrCQszopTCx6KjFboXTGQbPNasehVR5TEiithSDGyd1DEiUByggTZsg8jukeIg=="],

    "@types/react": ["@types/react@19.2.18", "", { "dependencies": { "csstype": "^3.2.2" } }, "sha512-AnzbBERsrLKtk2XSfTbYRLjQPdy116Sty4q+T+Bp3IC4l6jNBvreVPAHmpq9qhXQM7CXZPjLVmGMw9sy+hxQ3w=="],

    "@types/unist": ["@types/unist@3.0.3", "", {}, "sha512-ko/gIFJRv177XgZsZcBwnqJN5x/Gien8qNOn0D5bQU/zAzVf9Zt3BlcUiLqhV9y4ARk0GbT3tnUiPNgnTXzc/Q=="],

    "@ungap/structured-clone": ["@ungap/structured-clone@1.3.3", "", {}, "sha512-60YRaenCQcVjYEKOcG824+DRGGIQ3VKErcBoAEDJZz5bKIs2ZG+X/H9Nk+Q6EVkwJk5QNApxbrc5QtBSwtrXAg=="],

    "ansi-regex": ["ansi-regex@6.2.2", "", {}, "sha512-Bq3SmSpyFHaWjPk8If9yc6svM8c56dB5BAtW4Qbw5jHTwwXXcTLoRMkpDJp6VL0XzlWaCHTXrkFURMYmD0sLqg=="],

    "bun-ffi-structs": ["bun-ffi-structs@0.2.4", "", { "peerDependencies": { "typescript": "^5" } }, "sha512-AJzsqoVFs1KBbJbWHIYrVZLDC3NhTqqh25awRXqzoLzmBAKr5oqk6+CwuYHAekKx+VBCYVohBoKuRq40dV+TYg=="],

    "bun-types": ["bun-types@1.3.14", "", { "dependencies": { "@types/node": "*" } }, "sha512-4N0ig0fEomHt5R0KCFWjovxow98rIoRwKolrYdCcknNwMekCXRnWEUvgu5soYV8QXtVsrUD8B95MBOZGPvr6KQ=="],

    "ccount": ["ccount@2.0.1", "", {}, "sha512-eyrF0jiFpY+3drT6383f1qhkbGsLSifNAjA61IUjZjmLCWjItY6LB9ft9YhoDgwfmclB2zhu51Lc7+95b8NRAg=="],

    "character-entities-html4": ["character-entities-html4@2.1.0", "", {}, "sha512-1v7fgQRj6hnSwFpq1Eu0ynr/CDEw0rXo2B61qXrLNdHZmPKgb7fqS1a2JwF0rISo9q77jDI8VMEHoApn8qDoZA=="],

    "character-entities-legacy": ["character-entities-legacy@3.0.0", "", {}, "sha512-RpPp0asT/6ufRm//AJVwpViZbGM/MkjQFxJccQRHmISF/22NBtsHqAWmL+/pmkPWoIUJdWyeVleTl1wydHATVQ=="],

    "comma-separated-tokens": ["comma-separated-tokens@2.0.3", "", {}, "sha512-Fu4hJdvzeylCfQPp9SGWidpzrMs7tTrlu6Vb8XGaRGck8QSNZJJp538Wrb60Lax4fPwR64ViY468OIUTbRlGZg=="],

    "csstype": ["csstype@3.2.3", "", {}, "sha512-z1HGKcYy2xA8AGQfwrn0PAy+PB7X/GSj3UVJW9qKyn43xWa+gl5nXmU4qqLMRzWVLFC8KusUX8T/0kCiOYpAIQ=="],

    "cueloop": ["cueloop@workspace:packages/cli"],

    "dequal": ["dequal@2.0.3", "", {}, "sha512-0je+qPKHEMohvfRTCEo3CrPG6cAzAYgmzKyxRiYSSDkS6eGJdyVJm7WaYA5ECaAD9wLB2T4EEeymA5aFVcYXCA=="],

    "devlop": ["devlop@1.1.0", "", { "dependencies": { "dequal": "^2.0.0" } }, "sha512-RWmIqhcFf1lRYBvNmr7qTNuyCt/7/ns2jbpp1+PalgE/rDQcBT0fioSMUpJ93irlUhC5hrg4cYqe6U+0ImW0rA=="],

    "diff": ["diff@9.0.0", "", {}, "sha512-svtcdpS8CgJyqAjEQIXdb3OjhFVVYjzGAPO8WGCmRbrml64SPw/jJD4GoE98aR7r25A0XcgrK3F02yw9R/vhQw=="],

    "emoji-regex": ["emoji-regex@10.6.0", "", {}, "sha512-toUI84YS5YmxW219erniWD0CIVOo46xGKColeNQRgOzDorgBi1v4D71/OFzgD9GO2UGKIv1C3Sp8DAn0+j5w7A=="],

    "get-east-asian-width": ["get-east-asian-width@1.6.0", "", {}, "sha512-QRbvDIbx6YklUe6RxeTeleMR0yv3cYH6PsPZHcnVn7xv7zO1BHN8r0XETu8n6Ye3Q+ahtSarc3WgtNWmehIBfA=="],

    "hast-util-to-html": ["hast-util-to-html@9.0.5", "", { "dependencies": { "@types/hast": "^3.0.0", "@types/unist": "^3.0.0", "ccount": "^2.0.0", "comma-separated-tokens": "^2.0.0", "hast-util-whitespace": "^3.0.0", "html-void-elements": "^3.0.0", "mdast-util-to-hast": "^13.0.0", "property-information": "^7.0.0", "space-separated-tokens": "^2.0.0", "stringify-entities": "^4.0.0", "zwitch": "^2.0.4" } }, "sha512-OguPdidb+fbHQSU4Q4ZiLKnzWo8Wwsf5bZfbvu7//a9oTYoqD/fWpe96NuHkoS9h0ccGOTe0C4NGXdtS0iObOw=="],

    "hast-util-whitespace": ["hast-util-whitespace@3.0.0", "", { "dependencies": { "@types/hast": "^3.0.0" } }, "sha512-88JUN06ipLwsnv+dVn+OIYOvAuvBMy/Qoi6O7mQHxdPXpjy+Cd6xRkWwux7DKO+4sYILtLBRIKgsdpS2gQc7qw=="],

    "html-void-elements": ["html-void-elements@3.0.0", "", {}, "sha512-bEqo66MRXsUGxWHV5IP0PUiAWwoEjba4VCzg0LjFJBpchPaTfyfCKTG6bc5F8ucKec3q5y6qOdGyYTSBEvhCrg=="],

    "lru_map": ["lru_map@0.4.1", "", {}, "sha512-I+lBvqMMFfqaV8CJCISjI3wbjmwVu/VyOoU7+qtu9d7ioW5klMgsTTiUOUp+DJvfTTzKXoPbyC6YfgkNcyPSOg=="],

    "marked": ["marked@17.0.1", "", { "bin": { "marked": "bin/marked.js" } }, "sha512-boeBdiS0ghpWcSwoNm/jJBwdpFaMnZWRzjA6SkUMYb40SVaN1x7mmfGKp0jvexGcx+7y2La5zRZsYFZI6Qpypg=="],

    "mdast-util-to-hast": ["mdast-util-to-hast@13.2.1", "", { "dependencies": { "@types/hast": "^3.0.0", "@types/mdast": "^4.0.0", "@ungap/structured-clone": "^1.0.0", "devlop": "^1.0.0", "micromark-util-sanitize-uri": "^2.0.0", "trim-lines": "^3.0.0", "unist-util-position": "^5.0.0", "unist-util-visit": "^5.0.0", "vfile": "^6.0.0" } }, "sha512-cctsq2wp5vTsLIcaymblUriiTcZd0CwWtCbLvrOzYCDZoWyMNV8sZ7krj09FSnsiJi3WVsHLM4k6Dq/yaPyCXA=="],

    "micromark-util-character": ["micromark-util-character@2.1.1", "", { "dependencies": { "micromark-util-symbol": "^2.0.0", "micromark-util-types": "^2.0.0" } }, "sha512-wv8tdUTJ3thSFFFJKtpYKOYiGP2+v96Hvk4Tu8KpCAsTMs6yi+nVmGh1syvSCsaxz45J6Jbw+9DD6g97+NV67Q=="],

    "micromark-util-encode": ["micromark-util-encode@2.0.1", "", {}, "sha512-c3cVx2y4KqUnwopcO9b/SCdo2O67LwJJ/UyqGfbigahfegL9myoEFoDYZgkT7f36T0bLrM9hZTAaAyH+PCAXjw=="],

    "micromark-util-sanitize-uri": ["micromark-util-sanitize-uri@2.0.1", "", { "dependencies": { "micromark-util-character": "^2.0.0", "micromark-util-encode": "^2.0.0", "micromark-util-symbol": "^2.0.0" } }, "sha512-9N9IomZ/YuGGZZmQec1MbgxtlgougxTodVwDzzEouPKo3qFWvymFHWcnDi2vzV1ff6kas9ucW+o3yzJK9YB1AQ=="],

    "micromark-util-symbol": ["micromark-util-symbol@2.0.1", "", {}, "sha512-vs5t8Apaud9N28kgCrRUdEed4UJ+wWNvicHLPxCa9ENlYuAY31M0ETy5y1vA33YoNPDFTghEbnh6efaE8h4x0Q=="],

    "micromark-util-types": ["micromark-util-types@2.0.2", "", {}, "sha512-Yw0ECSpJoViF1qTU4DC6NwtC4aWGt1EkzaQB8KPPyCRR8z9TWeV0HbEFGTO+ZY1wB22zmxnJqhPyTpOVCpeHTA=="],

    "oniguruma-parser": ["oniguruma-parser@0.12.2", "", {}, "sha512-6HVa5oIrgMC6aA6WF6XyyqbhRPJrKR02L20+2+zpDtO5QAzGHAUGw5TKQvwi5vctNnRHkJYmjAhRVQF2EKdTQw=="],

    "oniguruma-to-es": ["oniguruma-to-es@4.3.6", "", { "dependencies": { "oniguruma-parser": "^0.12.2", "regex": "^6.1.0", "regex-recursion": "^6.0.2" } }, "sha512-csuQ9x3Yr0cEIs/Zgx/OEt9iBw9vqIunAPQkx19R/fiMq2oGVTgcMqO/V3Ybqefr1TBvosI6jU539ksaBULJyA=="],

    "property-information": ["property-information@7.2.0", "", {}, "sha512-IAtzIB6sUiWaJYrX9smp3V46pBGbBeLFRGdh25kg1334VcBlD8HzhPeNIWQH9zhGmo2itIe25EHt9dQP7G5hmg=="],

    "react": ["react@19.2.8", "", {}, "sha512-PWaYA1L/q9u2u7xYQi+Y3L3Yfnie7XyLeaJICV1MGD6LprsBxcAqGjYyr0eY3p+QdsA+x/Irkt4Qif8D63+Sbw=="],

    "react-devtools-core": ["react-devtools-core@7.0.1", "", { "dependencies": { "shell-quote": "^1.6.1", "ws": "^7" } }, "sha512-C3yNvRHaizlpiASzy7b9vbnBGLrhvdhl1CbdU6EnZgxPNbai60szdLtl+VL76UNOt5bOoVTOz5rNWZxgGt+Gsw=="],

    "react-dom": ["react-dom@19.2.8", "", { "dependencies": { "scheduler": "^0.27.0" }, "peerDependencies": { "react": "^19.2.8" } }, "sha512-rVprimfGBG3DR+Tq0IQG2DT5PxKth1WIGDmj5yPmlzr4YBe7uyE+Du4oVqTDXZSHGGGXRtTJEGSSePyQCMBglQ=="],

    "react-reconciler": ["react-reconciler@0.33.0", "", { "dependencies": { "scheduler": "^0.27.0" }, "peerDependencies": { "react": "^19.2.0" } }, "sha512-KetWRytFv1epdpJc3J4G75I4WrplZE5jOL7Yq0p34+OVOKF4Se7WrdIdVC45XsSSmUTlht2FM/fM1FZb1mfQeA=="],

    "regex": ["regex@6.1.0", "", { "dependencies": { "regex-utilities": "^2.3.0" } }, "sha512-6VwtthbV4o/7+OaAF9I5L5V3llLEsoPyq9P1JVXkedTP33c7MfCG0/5NOPcSJn0TzXcG9YUrR0gQSWioew3LDg=="],

    "regex-recursion": ["regex-recursion@6.0.2", "", { "dependencies": { "regex-utilities": "^2.3.0" } }, "sha512-0YCaSCq2VRIebiaUviZNs0cBz1kg5kVS2UKUfNIx8YVs1cN3AV7NTctO5FOKBA+UT2BPJIWZauYHPqJODG50cg=="],

    "regex-utilities": ["regex-utilities@2.3.0", "", {}, "sha512-8VhliFJAWRaUiVvREIiW2NXXTmHs4vMNnSzuJVhscgmGav3g9VDxLrQndI3dZZVVdp0ZO/5v0xmX516/7M9cng=="],

    "scheduler": ["scheduler@0.27.0", "", {}, "sha512-eNv+WrVbKu1f3vbYJT/xtiF5syA5HPIMtf9IgY/nKg0sWqzAUEvqY/xm7OcZc/qafLx/iO9FgOmeSAp4v5ti/Q=="],

    "shell-quote": ["shell-quote@1.10.0", "", {}, "sha512-w1aiOKwKuRgtwAReIIj89puqg+I7GvX4IbLrvmhXbzQsj1+Zwi4VO3+fa6ZF91TWSjIxoEkKnMeHcLEODK5ZXA=="],

    "shiki": ["shiki@4.4.2", "", { "dependencies": { "@shikijs/core": "4.4.2", "@shikijs/engine-javascript": "4.4.2", "@shikijs/engine-oniguruma": "4.4.2", "@shikijs/langs": "4.4.2", "@shikijs/themes": "4.4.2", "@shikijs/types": "4.4.2", "@shikijs/vscode-textmate": "^10.0.2", "@types/hast": "^3.0.5" } }, "sha512-P8F/dFhRevaw2uSdeIYlq/5SXZNY85DPtmXQ947gD1Zj2JqO5AkNvVVBar0Me9JkFx3uzVud/qOtP5ek9NEQGA=="],

    "space-separated-tokens": ["space-separated-tokens@2.0.2", "", {}, "sha512-PEGlAwrG8yXGXRjW32fGbg66JAlOAwbObuqVoJpv/mRgoWDQfgH1wDPvtzWyUSNAXBGSk8h755YDbbcEy3SH2Q=="],

    "string-width": ["string-width@7.2.0", "", { "dependencies": { "emoji-regex": "^10.3.0", "get-east-asian-width": "^1.0.0", "strip-ansi": "^7.1.0" } }, "sha512-tsaTIkKW9b4N+AEj+SVA+WhJzV7/zMhcSu78mLKWSk7cXMOSHsBKFWUs0fWwq8QyK3MgJBQRX6Gbi4kYbdvGkQ=="],

    "stringify-entities": ["stringify-entities@4.0.4", "", { "dependencies": { "character-entities-html4": "^2.0.0", "character-entities-legacy": "^3.0.0" } }, "sha512-IwfBptatlO+QCJUo19AqvrPNqlVMpW9YEL2LIVY+Rpv2qsjCGxaDLNRgeGsQWJhfItebuJhsGSLjaBbNSQ+ieg=="],

    "strip-ansi": ["strip-ansi@7.1.2", "", { "dependencies": { "ansi-regex": "^6.0.1" } }, "sha512-gmBGslpoQJtgnMAvOVqGZpEz9dyoKTCzy2nfz/n8aIFhN/jCE/rCmcxabB6jOOHV+0WNnylOxaxBQPSvcWklhA=="],

    "trim-lines": ["trim-lines@3.0.1", "", {}, "sha512-kRj8B+YHZCc9kQYdWfJB2/oUl9rA99qbowYYBtr4ui4mZyAQ2JpvVBd/6U2YloATfqBhBTSMhTpgBHtU0Mf3Rg=="],

    "typescript": ["typescript@5.9.3", "", { "bin": { "tsc": "bin/tsc", "tsserver": "bin/tsserver" } }, "sha512-jl1vZzPDinLr9eUt3J/t7V6FgNEw9QjvBPdysz9KfQDD41fQrC2Y4vKQdiaUpFT4bXlb1RHhLpp8wtm6M5TgSw=="],

    "undici-types": ["undici-types@8.3.0", "", {}, "sha512-j375ScV60dom+YkPFIfTLcOiPxkN/buHz5GobjLhixFuANaNs3C9l4GmrWqejgXWJ7BbJcFYpTEUkS1Ge8bpZQ=="],

    "unist-util-is": ["unist-util-is@6.0.1", "", { "dependencies": { "@types/unist": "^3.0.0" } }, "sha512-LsiILbtBETkDz8I9p1dQ0uyRUWuaQzd/cuEeS1hoRSyW5E5XGmTzlwY1OrNzzakGowI9Dr/I8HVaw4hTtnxy8g=="],

    "unist-util-position": ["unist-util-position@5.0.0", "", { "dependencies": { "@types/unist": "^3.0.0" } }, "sha512-fucsC7HjXvkB5R3kTCO7kUjRdrS0BJt3M/FPxmHMBOm8JQi2BsHAHFsy27E0EolP8rp0NzXsJ+jNPyDWvOJZPA=="],

    "unist-util-stringify-position": ["unist-util-stringify-position@4.0.0", "", { "dependencies": { "@types/unist": "^3.0.0" } }, "sha512-0ASV06AAoKCDkS2+xw5RXJywruurpbC4JZSm7nr7MOt1ojAzvyyaO+UxZf18j8FCF6kmzCZKcAgN/yu2gm2XgQ=="],

    "unist-util-visit": ["unist-util-visit@5.1.0", "", { "dependencies": { "@types/unist": "^3.0.0", "unist-util-is": "^6.0.0", "unist-util-visit-parents": "^6.0.0" } }, "sha512-m+vIdyeCOpdr/QeQCu2EzxX/ohgS8KbnPDgFni4dQsfSCtpz8UqDyY5GjRru8PDKuYn7Fq19j1CQ+nJSsGKOzg=="],

    "unist-util-visit-parents": ["unist-util-visit-parents@6.0.2", "", { "dependencies": { "@types/unist": "^3.0.0", "unist-util-is": "^6.0.0" } }, "sha512-goh1s1TBrqSqukSc8wrjwWhL0hiJxgA8m4kFxGlQ+8FYQ3C/m11FcTs4YYem7V664AhHVvgoQLk890Ssdsr2IQ=="],

    "vfile": ["vfile@6.0.3", "", { "dependencies": { "@types/unist": "^3.0.0", "vfile-message": "^4.0.0" } }, "sha512-KzIbH/9tXat2u30jf+smMwFCsno4wHVdNmzFyL+T/L3UGqqk6JKfVqOFOZEpZSHADH1k40ab6NUIXZq422ov3Q=="],

    "vfile-message": ["vfile-message@4.0.3", "", { "dependencies": { "@types/unist": "^3.0.0", "unist-util-stringify-position": "^4.0.0" } }, "sha512-QTHzsGd1EhbZs4AsQ20JX1rC3cOlt/IWJruk893DfLRr57lcnOeMaWG4K0JrRta4mIJZKth2Au3mM3u03/JWKw=="],

    "web-tree-sitter": ["web-tree-sitter@0.25.10", "", { "peerDependencies": { "@types/emscripten": "^1.40.0" }, "optionalPeers": ["@types/emscripten"] }, "sha512-Y09sF44/13XvgVKgO2cNDw5rGk6s26MgoZPXLESvMXeefBf7i6/73eFurre0IsTW6E14Y0ArIzhUMmjoc7xyzA=="],

    "ws": ["ws@8.21.3", "", { "peerDependencies": { "bufferutil": "^4.0.1", "utf-8-validate": ">=5.0.2" }, "optionalPeers": ["bufferutil", "utf-8-validate"] }, "sha512-201TZ/kPWxoPr/OKWjquZR1SWKXcvxdH+e1xrx89b3YbmzLMFCLfnaG1HFIgWzJOEWZ7MvpK++odZufgYR50Rw=="],

    "zwitch": ["zwitch@2.0.4", "", {}, "sha512-bXE4cR/kVZhKZX/RjPEflHaKVhUVl85noU3v6b8apfQEc1x4A+zBxjZ4lN8LqGd6WZ3dl98pY4o717VFmoPp+A=="],

    "react-devtools-core/ws": ["ws@7.5.13", "", { "peerDependencies": { "bufferutil": "^4.0.1", "utf-8-validate": "^5.0.2" }, "optionalPeers": ["bufferutil", "utf-8-validate"] }, "sha512-rsKI6xDBFVf4r/x8XyChGK04QR/XHroxs/jUcoWvtEZM8TPU/X/uIY9B1CsSzYws9ZJb/6bbBu7dPhFW00CAoA=="],
  }
}
